
Microsoft Visual Studio Solution File, Format Version 12.00
# Visual Studio Version 17
VisualStudioVersion = 17.0.31919.166
MinimumVisualStudioVersion = 10.0.40219.1
Project("{FAE04EC0-301F-11D3-BF4B-00C04F79EFBC}") = "Lab6", "Lab6\Lab6.csproj", "{D16552F3-F596-4014-B29D-20A4AF3313AA}"
EndProject
Global
	GlobalSection(SolutionConfigurationPlatforms) = preSolution
		Debug|Any CPU = Debug|Any CPU
		Release|Any CPU = Release|Any CPU
	EndGlobalSection
	GlobalSection(ProjectConfigurationPlatforms) = postSolution
		{D16552F3-F596-4014-B29D-20A4AF3313AA}.Debug|Any CPU.ActiveCfg = Debug|Any CPU
		{D16552F3-F596-4014-B29D-20A4AF3313AA}.Debug|Any CPU.Build.0 = Debug|Any CPU
		{D16552F3-F596-4014-B29D-20A4AF3313AA}.Release|Any CPU.ActiveCfg = Release|Any CPU
		{D16552F3-F596-4014-B29D-20A4AF3313AA}.Release|Any CPU.Build.0 = Release|Any CPU
	EndGlobalSection
	GlobalSection(SolutionProperties) = preSolution
		HideSolutionNode = FALSE
	EndGlobalSection
	GlobalSection(ExtensibilityGlobals) = postSolution
		SolutionGuid = {C5AC2F2F-2004-4DED-9A4A-31D1B9CA26F1}
	EndGlobalSection
EndGlobal
